
Microsoft Visual Studio Solution File, Format Version 12.00
# Visual Studio 15
VisualStudioVersion = 15.0.27130.2027
MinimumVisualStudioVersion = 10.0.40219.1
Project("{FAE04EC0-301F-11D3-BF4B-00C04F79EFBC}") = "NumberSeries", "NumberSeries\NumberSeries.csproj", "{ADBB4CB2-8F04-43A9-801B-743FAC0A355C}"
EndProject
Global
	GlobalSection(SolutionConfigurationPlatforms) = preSolution
		Debug|Any CPU = Debug|Any CPU
		Release|Any CPU = Release|Any CPU
	EndGlobalSection
	GlobalSection(ProjectConfigurationPlatforms) = postSolution
		{ADBB4CB2-8F04-43A9-801B-743FAC0A355C}.Debug|Any CPU.ActiveCfg = Debug|Any CPU
		{ADBB4CB2-8F04-43A9-801B-743FAC0A355C}.Debug|Any CPU.Build.0 = Debug|Any CPU
		{ADBB4CB2-8F04-43A9-801B-743FAC0A355C}.Release|Any CPU.ActiveCfg = Release|Any CPU
		{ADBB4CB2-8F04-43A9-801B-743FAC0A355C}.Release|Any CPU.Build.0 = Release|Any CPU
	EndGlobalSection
	GlobalSection(SolutionProperties) = preSolution
		HideSolutionNode = FALSE
	EndGlobalSection
	GlobalSection(ExtensibilityGlobals) = postSolution
		SolutionGuid = {7956B2F0-5248-4547-ABA1-86F8E3298D6C}
	EndGlobalSection
EndGlobal
